
Microsoft Visual Studio Solution File, Format Version 12.00
# Visual Studio 15
VisualStudioVersion = 15.0.28307.271
MinimumVisualStudioVersion = 10.0.40219.1
Project("{FAE04EC0-301F-11D3-BF4B-00C04F79EFBC}") = "SamFirm-continued", "SamFirm-continued.csproj", "{60F245FD-867C-4498-81E2-A09D232B4591}"
EndProject
Global
	GlobalSection(SolutionConfigurationPlatforms) = preSolution
		Debug|Any CPU = Debug|Any CPU
		Release|Any CPU = Release|Any CPU
	EndGlobalSection
	GlobalSection(ProjectConfigurationPlatforms) = postSolution
		{60F245FD-867C-4498-81E2-A09D232B4591}.Debug|Any CPU.ActiveCfg = Debug|Any CPU
		{60F245FD-867C-4498-81E2-A09D232B4591}.Debug|Any CPU.Build.0 = Debug|Any CPU
		{60F245FD-867C-4498-81E2-A09D232B4591}.Release|Any CPU.ActiveCfg = Release|Any CPU
		{60F245FD-867C-4498-81E2-A09D232B4591}.Release|Any CPU.Build.0 = Release|Any CPU
	EndGlobalSection
	GlobalSection(SolutionProperties) = preSolution
		HideSolutionNode = FALSE
	EndGlobalSection
	GlobalSection(ExtensibilityGlobals) = postSolution
		SolutionGuid = {251EA63D-4D05-43E8-AB0B-C7B6156C3D15}
	EndGlobalSection
EndGlobal
